
Microsoft Visual Studio Solution File, Format Version 12.00
# Visual Studio Version 17
VisualStudioVersion = 17.13.35919.96 d17.13
MinimumVisualStudioVersion = 10.0.40219.1
Project("{FAE04EC0-301F-11D3-BF4B-00C04F79EFBC}") = "Vasileuski.UI", "Vasileuski.UI\Vasileuski.UI.csproj", "{E26FFBCC-653C-43DC-802A-2D14CCA9B8E3}"
EndProject
Global
	GlobalSection(SolutionConfigurationPlatforms) = preSolution
		Debug|Any CPU = Debug|Any CPU
		Release|Any CPU = Release|Any CPU
	EndGlobalSection
	GlobalSection(ProjectConfigurationPlatforms) = postSolution
		{E26FFBCC-653C-43DC-802A-2D14CCA9B8E3}.Debug|Any CPU.ActiveCfg = Debug|Any CPU
		{E26FFBCC-653C-43DC-802A-2D14CCA9B8E3}.Debug|Any CPU.Build.0 = Debug|Any CPU
		{E26FFBCC-653C-43DC-802A-2D14CCA9B8E3}.Release|Any CPU.ActiveCfg = Release|Any CPU
		{E26FFBCC-653C-43DC-802A-2D14CCA9B8E3}.Release|Any CPU.Build.0 = Release|Any CPU
	EndGlobalSection
	GlobalSection(SolutionProperties) = preSolution
		HideSolutionNode = FALSE
	EndGlobalSection
	GlobalSection(ExtensibilityGlobals) = postSolution
		SolutionGuid = {0EB949C7-9A19-49B5-BF4B-F14B5B3272CE}
	EndGlobalSection
EndGlobal
